FORGE
  remote: http://forge.enterprisemodules.com
  specs:
    adrien-filemapper (1.1.3)
    biemond-jdk7 (0.5.3)
    derdanne-nfs (0.0.14)
      puppetlabs-concat (>= 1.1.2)
      puppetlabs-stdlib (>= 4.5.0)
    enterprisemodules-easy_type (2.0.7)
    enterprisemodules-em_utils (1.0.0)
      puppetlabs-stdlib (>= 0)
    enterprisemodules-ora_config (2.2.2)
      enterprisemodules-easy_type (< 2.1.0, >= 2.0.0)
    enterprisemodules-ora_install (2.1.0)
      puppetlabs-concat (>= 1.0.0)
      puppetlabs-stdlib (>= 3.2.0)
    enterprisemodules-wls_config (3.0.4)
      enterprisemodules-easy_type (>= 2.0.1)
    enterprisemodules-wls_install (2.1.2)
      adrien-filemapper (>= 1.1.1)
      fiddyspence-sleep (>= 1.2.0)
      reidmv-yamlfile (>= 0.2.0)
    erwbgy-limits (0.3.1)
    fiddyspence-sleep (1.2.0)
    fiddyspence-sysctl (0.0.5)
    hajee-connect (0.0.23)
    petems-swap_file (1.0.1)
      puppetlabs-stdlib (>= 3.2.0)
    puppetlabs-concat (2.2.0)
      puppetlabs-stdlib (< 5.0.0, >= 4.2.0)
    puppetlabs-stdlib (4.12.0)
    reidmv-yamlfile (0.2.0)
      adrien-filemapper (>= 1.1.1)
    saz-timezone (3.3.0)
      puppetlabs-stdlib (>= 2.3.0)

DEPENDENCIES
  adrien-filemapper (~> 1.1.0)
  biemond-jdk7 (~> 0.5.0)
  derdanne-nfs (>= 0)
  enterprisemodules-em_utils (~> 1.0.0)
  enterprisemodules-ora_config (~> 2.2.0)
  enterprisemodules-ora_install (~> 2.1.0)
  enterprisemodules-wls_config (~> 3.0.0)
  enterprisemodules-wls_install (~> 2.1.0)
  erwbgy-limits (~> 0.3.0)
  fiddyspence-sysctl (= 0.0.5)
  hajee-connect (>= 0)
  petems-swap_file (~> 1.0.0)
  puppetlabs-stdlib (>= 0)
  saz-timezone (~> 3.3.0)

